// !$*UTF8*$!
{
	archiveVersion = 1;
	classes = {
	};
	objectVersion = 50;
	objects = {

/* Begin PBXBuildFile section */
		1D7FB4C15598FD76584F6919 /* Pods_GetYourGuideTests.framework in Frameworks */ = {isa = PBXBuildFile; fileRef = 8ED2CC2E0F2F4F9A3AF41DAA /* Pods_GetYourGuideTests.framework */; };
		86387CC27F0ACD1321830A4B /* Pods_GetYourGuide.framework in Frameworks */ = {isa = PBXBuildFile; fileRef = CD608530BFCF3A0AF633AF97 /* Pods_GetYourGuide.framework */; };
		A705AC2722F0B2F3000F015C /* AppDelegate.swift in Sources */ = {isa = PBXBuildFile; fileRef = A705AC2622F0B2F3000F015C /* AppDelegate.swift */; };
		A705AC2C22F0B2F3000F015C /* Main.storyboard in Resources */ = {isa = PBXBuildFile; fileRef = A705AC2A22F0B2F3000F015C /* Main.storyboard */; };
		A705AC2E22F0B2F5000F015C /* Assets.xcassets in Resources */ = {isa = PBXBuildFile; fileRef = A705AC2D22F0B2F5000F015C /* Assets.xcassets */; };
		A705AC3122F0B2F5000F015C /* LaunchScreen.storyboard in Resources */ = {isa = PBXBuildFile; fileRef = A705AC2F22F0B2F5000F015C /* LaunchScreen.storyboard */; };
		A705AC3C22F0B2F5000F015C /* GetYourGuideURLTests.swift in Sources */ = {isa = PBXBuildFile; fileRef = A705AC3B22F0B2F5000F015C /* GetYourGuideURLTests.swift */; };
		A705AC4D22F0B862000F015C /* NetworkError.swift in Sources */ = {isa = PBXBuildFile; fileRef = A705AC4B22F0B862000F015C /* NetworkError.swift */; };
		A705AC4E22F0B862000F015C /* NetworkRequester.swift in Sources */ = {isa = PBXBuildFile; fileRef = A705AC4C22F0B862000F015C /* NetworkRequester.swift */; };
		A705AC5022F0B925000F015C /* RequestProtocol.swift in Sources */ = {isa = PBXBuildFile; fileRef = A705AC4F22F0B925000F015C /* RequestProtocol.swift */; };
		A705AC5322F0BB61000F015C /* StringExtensions.swift in Sources */ = {isa = PBXBuildFile; fileRef = A705AC5222F0BB61000F015C /* StringExtensions.swift */; };
		A705AC5522F0BBEB000F015C /* URLRequestExtensions.swift in Sources */ = {isa = PBXBuildFile; fileRef = A705AC5422F0BBEB000F015C /* URLRequestExtensions.swift */; };
		A705AC5B22F0C712000F015C /* URLConstants.swift in Sources */ = {isa = PBXBuildFile; fileRef = A705AC5A22F0C712000F015C /* URLConstants.swift */; };
		A705AC5D22F0C7CC000F015C /* GetYourGuideReviewsRequest.swift in Sources */ = {isa = PBXBuildFile; fileRef = A705AC5C22F0C7CC000F015C /* GetYourGuideReviewsRequest.swift */; };
		A705AC6022F0CA36000F015C /* GetYourGuideReviewsModel.swift in Sources */ = {isa = PBXBuildFile; fileRef = A705AC5F22F0CA36000F015C /* GetYourGuideReviewsModel.swift */; };
		A705AC6222F0D08C000F015C /* GetYourGuideReviewsModelTests.swift in Sources */ = {isa = PBXBuildFile; fileRef = A705AC6122F0D08C000F015C /* GetYourGuideReviewsModelTests.swift */; };
		A705AC6622F0D172000F015C /* MockJSONLoader.swift in Sources */ = {isa = PBXBuildFile; fileRef = A705AC6522F0D172000F015C /* MockJSONLoader.swift */; };
		A705AC6822F0D19A000F015C /* reviewsPopulated.json in Resources */ = {isa = PBXBuildFile; fileRef = A705AC6722F0D19A000F015C /* reviewsPopulated.json */; };
		A705AC6D22F0D330000F015C /* reviewsEmpty.json in Resources */ = {isa = PBXBuildFile; fileRef = A705AC6C22F0D330000F015C /* reviewsEmpty.json */; };
		A705AC7522F0DB62000F015C /* GetYourGuideReviewsViewModel.swift in Sources */ = {isa = PBXBuildFile; fileRef = A705AC7422F0DB62000F015C /* GetYourGuideReviewsViewModel.swift */; };
		A705AC7722F0DE33000F015C /* GetYourGuideReviewsViewController.swift in Sources */ = {isa = PBXBuildFile; fileRef = A705AC7622F0DE33000F015C /* GetYourGuideReviewsViewController.swift */; };
		A705AC7A22F0DE98000F015C /* GetYourGuideReviewsLogicController.swift in Sources */ = {isa = PBXBuildFile; fileRef = A705AC7922F0DE98000F015C /* GetYourGuideReviewsLogicController.swift */; };
		A705AC7E22F0E184000F015C /* GetYourGuideReviewTableViewCell.swift in Sources */ = {isa = PBXBuildFile; fileRef = A705AC7C22F0E184000F015C /* GetYourGuideReviewTableViewCell.swift */; };
		A705AC7F22F0E184000F015C /* GetYourGuideReviewTableViewCell.xib in Resources */ = {isa = PBXBuildFile; fileRef = A705AC7D22F0E184000F015C /* GetYourGuideReviewTableViewCell.xib */; };
		A705AC8122F12F88000F015C /* UIViewExtensions.swift in Sources */ = {isa = PBXBuildFile; fileRef = A705AC8022F12F88000F015C /* UIViewExtensions.swift */; };
		A705AC8422F13B0F000F015C /* GetYourGuideReviewsLogicControllerTests.swift in Sources */ = {isa = PBXBuildFile; fileRef = A705AC8322F13B0F000F015C /* GetYourGuideReviewsLogicControllerTests.swift */; };
		A705AC8622F13CDF000F015C /* ArrayExtensions.swift in Sources */ = {isa = PBXBuildFile; fileRef = A705AC8522F13CDF000F015C /* ArrayExtensions.swift */; };
/* End PBXBuildFile section */

/* Begin PBXContainerItemProxy section */
		A705AC3822F0B2F5000F015C /* PBXContainerItemProxy */ = {
			isa = PBXContainerItemProxy;
			containerPortal = A705AC1B22F0B2F3000F015C /* Project object */;
			proxyType = 1;
			remoteGlobalIDString = A705AC2222F0B2F3000F015C;
			remoteInfo = GetYourGuide;
		};
/* End PBXContainerItemProxy section */

/* Begin PBXFileReference section */
		43B718EEA78D598964307BB6 /* Pods-GetYourGuideTests.debug.xcconfig */ = {isa = PBXFileReference; includeInIndex = 1; lastKnownFileType = text.xcconfig; name = "Pods-GetYourGuideTests.debug.xcconfig"; path = "Target Support Files/Pods-GetYourGuideTests/Pods-GetYourGuideTests.debug.xcconfig"; sourceTree = "<group>"; };
		43BFFD1B4DFEC8C553F57242 /* Pods-GetYourGuide.debug.xcconfig */ = {isa = PBXFileReference; includeInIndex = 1; lastKnownFileType = text.xcconfig; name = "Pods-GetYourGuide.debug.xcconfig"; path = "Target Support Files/Pods-GetYourGuide/Pods-GetYourGuide.debug.xcconfig"; sourceTree = "<group>"; };
		8ED2CC2E0F2F4F9A3AF41DAA /* Pods_GetYourGuideTests.framework */ = {isa = PBXFileReference; explicitFileType = wrapper.framework; includeInIndex = 0; path = Pods_GetYourGuideTests.framework; sourceTree = BUILT_PRODUCTS_DIR; };
		A2252C98350D9BE6CBA395E0 /* Pods-GetYourGuide.release.xcconfig */ = {isa = PBXFileReference; includeInIndex = 1; lastKnownFileType = text.xcconfig; name = "Pods-GetYourGuide.release.xcconfig"; path = "Target Support Files/Pods-GetYourGuide/Pods-GetYourGuide.release.xcconfig"; sourceTree = "<group>"; };
		A705AC2322F0B2F3000F015C /* GetYourGuide.app */ = {isa = PBXFileReference; explicitFileType = wrapper.application; includeInIndex = 0; path = GetYourGuide.app; sourceTree = BUILT_PRODUCTS_DIR; };
		A705AC2622F0B2F3000F015C /* AppDelegate.swift */ = {isa = PBXFileReference; lastKnownFileType = sourcecode.swift; path = AppDelegate.swift; sourceTree = "<group>"; };
		A705AC2B22F0B2F3000F015C /* Base */ = {isa = PBXFileReference; lastKnownFileType = file.storyboard; name = Base; path = Base.lproj/Main.storyboard; sourceTree = "<group>"; };
		A705AC2D22F0B2F5000F015C /* Assets.xcassets */ = {isa = PBXFileReference; lastKnownFileType = folder.assetcatalog; path = Assets.xcassets; sourceTree = "<group>"; };
		A705AC3022F0B2F5000F015C /* Base */ = {isa = PBXFileReference; lastKnownFileType = file.storyboard; name = Base; path = Base.lproj/LaunchScreen.storyboard; sourceTree = "<group>"; };
		A705AC3222F0B2F5000F015C /* Info.plist */ = {isa = PBXFileReference; lastKnownFileType = text.plist.xml; path = Info.plist; sourceTree = "<group>"; };
		A705AC3722F0B2F5000F015C /* GetYourGuideTests.xctest */ = {isa = PBXFileReference; explicitFileType = wrapper.cfbundle; includeInIndex = 0; path = GetYourGuideTests.xctest; sourceTree = BUILT_PRODUCTS_DIR; };
		A705AC3B22F0B2F5000F015C /* GetYourGuideURLTests.swift */ = {isa = PBXFileReference; lastKnownFileType = sourcecode.swift; path = GetYourGuideURLTests.swift; sourceTree = "<group>"; };
		A705AC3D22F0B2F5000F015C /* Info.plist */ = {isa = PBXFileReference; lastKnownFileType = text.plist.xml; path = Info.plist; sourceTree = "<group>"; };
		A705AC4B22F0B862000F015C /* NetworkError.swift */ = {isa = PBXFileReference; fileEncoding = 4; lastKnownFileType = sourcecode.swift; path = NetworkError.swift; sourceTree = "<group>"; };
		A705AC4C22F0B862000F015C /* NetworkRequester.swift */ = {isa = PBXFileReference; fileEncoding = 4; lastKnownFileType = sourcecode.swift; path = NetworkRequester.swift; sourceTree = "<group>"; };
		A705AC4F22F0B925000F015C /* RequestProtocol.swift */ = {isa = PBXFileReference; lastKnownFileType = sourcecode.swift; path = RequestProtocol.swift; sourceTree = "<group>"; };
		A705AC5222F0BB61000F015C /* StringExtensions.swift */ = {isa = PBXFileReference; lastKnownFileType = sourcecode.swift; path = StringExtensions.swift; sourceTree = "<group>"; };
		A705AC5422F0BBEB000F015C /* URLRequestExtensions.swift */ = {isa = PBXFileReference; lastKnownFileType = sourcecode.swift; path = URLRequestExtensions.swift; sourceTree = "<group>"; };
		A705AC5A22F0C712000F015C /* URLConstants.swift */ = {isa = PBXFileReference; lastKnownFileType = sourcecode.swift; path = URLConstants.swift; sourceTree = "<group>"; };
		A705AC5C22F0C7CC000F015C /* GetYourGuideReviewsRequest.swift */ = {isa = PBXFileReference; fileEncoding = 4; lastKnownFileType = sourcecode.swift; path = GetYourGuideReviewsRequest.swift; sourceTree = "<group>"; };
		A705AC5F22F0CA36000F015C /* GetYourGuideReviewsModel.swift */ = {isa = PBXFileReference; lastKnownFileType = sourcecode.swift; path = GetYourGuideReviewsModel.swift; sourceTree = "<group>"; };
		A705AC6122F0D08C000F015C /* GetYourGuideReviewsModelTests.swift */ = {isa = PBXFileReference; lastKnownFileType = sourcecode.swift; path = GetYourGuideReviewsModelTests.swift; sourceTree = "<group>"; };
		A705AC6522F0D172000F015C /* MockJSONLoader.swift */ = {isa = PBXFileReference; lastKnownFileType = sourcecode.swift; path = MockJSONLoader.swift; sourceTree = "<group>"; };
		A705AC6722F0D19A000F015C /* reviewsPopulated.json */ = {isa = PBXFileReference; lastKnownFileType = text.json; path = reviewsPopulated.json; sourceTree = "<group>"; };
		A705AC6C22F0D330000F015C /* reviewsEmpty.json */ = {isa = PBXFileReference; lastKnownFileType = text.json; path = reviewsEmpty.json; sourceTree = "<group>"; };
		A705AC7422F0DB62000F015C /* GetYourGuideReviewsViewModel.swift */ = {isa = PBXFileReference; lastKnownFileType = sourcecode.swift; path = GetYourGuideReviewsViewModel.swift; sourceTree = "<group>"; };
		A705AC7622F0DE33000F015C /* GetYourGuideReviewsViewController.swift */ = {isa = PBXFileReference; fileEncoding = 4; lastKnownFileType = sourcecode.swift; path = GetYourGuideReviewsViewController.swift; sourceTree = "<group>"; };
		A705AC7922F0DE98000F015C /* GetYourGuideReviewsLogicController.swift */ = {isa = PBXFileReference; lastKnownFileType = sourcecode.swift; path = GetYourGuideReviewsLogicController.swift; sourceTree = "<group>"; };
		A705AC7C22F0E184000F015C /* GetYourGuideReviewTableViewCell.swift */ = {isa = PBXFileReference; lastKnownFileType = sourcecode.swift; path = GetYourGuideReviewTableViewCell.swift; sourceTree = "<group>"; };
		A705AC7D22F0E184000F015C /* GetYourGuideReviewTableViewCell.xib */ = {isa = PBXFileReference; lastKnownFileType = file.xib; path = GetYourGuideReviewTableViewCell.xib; sourceTree = "<group>"; };
		A705AC8022F12F88000F015C /* UIViewExtensions.swift */ = {isa = PBXFileReference; lastKnownFileType = sourcecode.swift; path = UIViewExtensions.swift; sourceTree = "<group>"; };
		A705AC8322F13B0F000F015C /* GetYourGuideReviewsLogicControllerTests.swift */ = {isa = PBXFileReference; lastKnownFileType = sourcecode.swift; path = GetYourGuideReviewsLogicControllerTests.swift; sourceTree = "<group>"; };
		A705AC8522F13CDF000F015C /* ArrayExtensions.swift */ = {isa = PBXFileReference; lastKnownFileType = sourcecode.swift; path = ArrayExtensions.swift; sourceTree = "<group>"; };
		BAFBDCE84B7D1C69A5D023EC /* Pods-GetYourGuideTests.release.xcconfig */ = {isa = PBXFileReference; includeInIndex = 1; lastKnownFileType = text.xcconfig; name = "Pods-GetYourGuideTests.release.xcconfig"; path = "Target Support Files/Pods-GetYourGuideTests/Pods-GetYourGuideTests.release.xcconfig"; sourceTree = "<group>"; };
		CD608530BFCF3A0AF633AF97 /* Pods_GetYourGuide.framework */ = {isa = PBXFileReference; explicitFileType = wrapper.framework; includeInIndex = 0; path = Pods_GetYourGuide.framework; sourceTree = BUILT_PRODUCTS_DIR; };
/* End PBXFileReference section */

/* Begin PBXFrameworksBuildPhase section */
		A705AC2022F0B2F3000F015C /* Frameworks */ = {
			isa = PBXFrameworksBuildPhase;
			buildActionMask = 2147483647;
			files = (
				86387CC27F0ACD1321830A4B /* Pods_GetYourGuide.framework in Frameworks */,
			);
			runOnlyForDeploymentPostprocessing = 0;
		};
		A705AC3422F0B2F5000F015C /* Frameworks */ = {
			isa = PBXFrameworksBuildPhase;
			buildActionMask = 2147483647;
			files = (
				1D7FB4C15598FD76584F6919 /* Pods_GetYourGuideTests.framework in Frameworks */,
			);
			runOnlyForDeploymentPostprocessing = 0;
		};
/* End PBXFrameworksBuildPhase section */

/* Begin PBXGroup section */
		0D3934587156F6A985BB86F0 /* Frameworks */ = {
			isa = PBXGroup;
			children = (
				CD608530BFCF3A0AF633AF97 /* Pods_GetYourGuide.framework */,
				8ED2CC2E0F2F4F9A3AF41DAA /* Pods_GetYourGuideTests.framework */,
			);
			name = Frameworks;
			sourceTree = "<group>";
		};
		269ECE12978A1D365CC4A7B8 /* Pods */ = {
			isa = PBXGroup;
			children = (
				43BFFD1B4DFEC8C553F57242 /* Pods-GetYourGuide.debug.xcconfig */,
				A2252C98350D9BE6CBA395E0 /* Pods-GetYourGuide.release.xcconfig */,
				43B718EEA78D598964307BB6 /* Pods-GetYourGuideTests.debug.xcconfig */,
				BAFBDCE84B7D1C69A5D023EC /* Pods-GetYourGuideTests.release.xcconfig */,
			);
			name = Pods;
			path = Pods;
			sourceTree = "<group>";
		};
		A705AC1A22F0B2F3000F015C = {
			isa = PBXGroup;
			children = (
				A705AC2522F0B2F3000F015C /* GetYourGuide */,
				A705AC3A22F0B2F5000F015C /* GetYourGuideTests */,
				A705AC2422F0B2F3000F015C /* Products */,
				269ECE12978A1D365CC4A7B8 /* Pods */,
				0D3934587156F6A985BB86F0 /* Frameworks */,
			);
			sourceTree = "<group>";
		};
		A705AC2422F0B2F3000F015C /* Products */ = {
			isa = PBXGroup;
			children = (
				A705AC2322F0B2F3000F015C /* GetYourGuide.app */,
				A705AC3722F0B2F5000F015C /* GetYourGuideTests.xctest */,
			);
			name = Products;
			sourceTree = "<group>";
		};
		A705AC2522F0B2F3000F015C /* GetYourGuide */ = {
			isa = PBXGroup;
			children = (
				A705AC7222F0DAD0000F015C /* Reviews */,
				A705AC5E22F0CA1C000F015C /* Models */,
				A705AC5922F0C702000F015C /* Constants */,
				A705AC5622F0C615000F015C /* NetworkRequests */,
				A705AC5122F0BB54000F015C /* Extensions */,
				A705AC4622F0B38C000F015C /* Networking */,
				A705AC2622F0B2F3000F015C /* AppDelegate.swift */,
				A705AC3222F0B2F5000F015C /* Info.plist */,
				A705AC7122F0D903000F015C /* Assets */,
			);
			path = GetYourGuide;
			sourceTree = "<group>";
		};
		A705AC3A22F0B2F5000F015C /* GetYourGuideTests */ = {
			isa = PBXGroup;
			children = (
				A705AC8222F13AF0000F015C /* LogicControllers */,
				A705AC6422F0D160000F015C /* Models */,
				A705AC3B22F0B2F5000F015C /* GetYourGuideURLTests.swift */,
				A705AC3D22F0B2F5000F015C /* Info.plist */,
			);
			path = GetYourGuideTests;
			sourceTree = "<group>";
		};
		A705AC4622F0B38C000F015C /* Networking */ = {
			isa = PBXGroup;
			children = (
				A705AC4B22F0B862000F015C /* NetworkError.swift */,
				A705AC4C22F0B862000F015C /* NetworkRequester.swift */,
				A705AC4F22F0B925000F015C /* RequestProtocol.swift */,
			);
			path = Networking;
			sourceTree = "<group>";
		};
		A705AC5122F0BB54000F015C /* Extensions */ = {
			isa = PBXGroup;
			children = (
				A705AC5222F0BB61000F015C /* StringExtensions.swift */,
				A705AC5422F0BBEB000F015C /* URLRequestExtensions.swift */,
				A705AC8022F12F88000F015C /* UIViewExtensions.swift */,
				A705AC8522F13CDF000F015C /* ArrayExtensions.swift */,
			);
			path = Extensions;
			sourceTree = "<group>";
		};
		A705AC5622F0C615000F015C /* NetworkRequests */ = {
			isa = PBXGroup;
			children = (
				A705AC5C22F0C7CC000F015C /* GetYourGuideReviewsRequest.swift */,
			);
			path = NetworkRequests;
			sourceTree = "<group>";
		};
		A705AC5922F0C702000F015C /* Constants */ = {
			isa = PBXGroup;
			children = (
				A705AC5A22F0C712000F015C /* URLConstants.swift */,
			);
			path = Constants;
			sourceTree = "<group>";
		};
		A705AC5E22F0CA1C000F015C /* Models */ = {
			isa = PBXGroup;
			children = (
				A705AC5F22F0CA36000F015C /* GetYourGuideReviewsModel.swift */,
			);
			path = Models;
			sourceTree = "<group>";
		};
		A705AC6322F0D0C0000F015C /* JSONs */ = {
			isa = PBXGroup;
			children = (
				A705AC6722F0D19A000F015C /* reviewsPopulated.json */,
				A705AC6C22F0D330000F015C /* reviewsEmpty.json */,
			);
			path = JSONs;
			sourceTree = "<group>";
		};
		A705AC6422F0D160000F015C /* Models */ = {
			isa = PBXGroup;
			children = (
				A705AC6322F0D0C0000F015C /* JSONs */,
				A705AC6122F0D08C000F015C /* GetYourGuideReviewsModelTests.swift */,
				A705AC6522F0D172000F015C /* MockJSONLoader.swift */,
			);
			path = Models;
			sourceTree = "<group>";
		};
		A705AC6E22F0D6C1000F015C /* ViewControllers */ = {
			isa = PBXGroup;
			children = (
				A705AC7622F0DE33000F015C /* GetYourGuideReviewsViewController.swift */,
			);
			path = ViewControllers;
			sourceTree = "<group>";
		};
		A705AC7122F0D903000F015C /* Assets */ = {
			isa = PBXGroup;
			children = (
				A705AC2F22F0B2F5000F015C /* LaunchScreen.storyboard */,
				A705AC2A22F0B2F3000F015C /* Main.storyboard */,
				A705AC2D22F0B2F5000F015C /* Assets.xcassets */,
			);
			path = Assets;
			sourceTree = "<group>";
		};
		A705AC7222F0DAD0000F015C /* Reviews */ = {
			isa = PBXGroup;
			children = (
				A705AC7B22F0E163000F015C /* Cells */,
				A705AC7822F0DE7F000F015C /* LogicControllers */,
				A705AC7322F0DAEA000F015C /* ViewModels */,
				A705AC6E22F0D6C1000F015C /* ViewControllers */,
			);
			path = Reviews;
			sourceTree = "<group>";
		};
		A705AC7322F0DAEA000F015C /* ViewModels */ = {
			isa = PBXGroup;
			children = (
				A705AC7422F0DB62000F015C /* GetYourGuideReviewsViewModel.swift */,
			);
			path = ViewModels;
			sourceTree = "<group>";
		};
		A705AC7822F0DE7F000F015C /* LogicControllers */ = {
			isa = PBXGroup;
			children = (
				A705AC7922F0DE98000F015C /* GetYourGuideReviewsLogicController.swift */,
			);
			path = LogicControllers;
			sourceTree = "<group>";
		};
		A705AC7B22F0E163000F015C /* Cells */ = {
			isa = PBXGroup;
			children = (
				A705AC7C22F0E184000F015C /* GetYourGuideReviewTableViewCell.swift */,
				A705AC7D22F0E184000F015C /* GetYourGuideReviewTableViewCell.xib */,
			);
			path = Cells;
			sourceTree = "<group>";
		};
		A705AC8222F13AF0000F015C /* LogicControllers */ = {
			isa = PBXGroup;
			children = (
				A705AC8322F13B0F000F015C /* GetYourGuideReviewsLogicControllerTests.swift */,
			);
			path = LogicControllers;
			sourceTree = "<group>";
		};
/* End PBXGroup section */

/* Begin PBXNativeTarget section */
		A705AC2222F0B2F3000F015C /* GetYourGuide */ = {
			isa = PBXNativeTarget;
			buildConfigurationList = A705AC4022F0B2F5000F015C /* Build configuration list for PBXNativeTarget "GetYourGuide" */;
			buildPhases = (
				9058AA6E00E332891DB0D486 /* [CP] Check Pods Manifest.lock */,
				A705AC1F22F0B2F3000F015C /* Sources */,
				A705AC2022F0B2F3000F015C /* Frameworks */,
				A705AC2122F0B2F3000F015C /* Resources */,
				0F3F0A3111189A047F540C55 /* [CP] Embed Pods Frameworks */,
			);
			buildRules = (
			);
			dependencies = (
			);
			name = GetYourGuide;
			productName = GetYourGuide;
			productReference = A705AC2322F0B2F3000F015C /* GetYourGuide.app */;
			productType = "com.apple.product-type.application";
		};
		A705AC3622F0B2F5000F015C /* GetYourGuideTests */ = {
			isa = PBXNativeTarget;
			buildConfigurationList = A705AC4322F0B2F5000F015C /* Build configuration list for PBXNativeTarget "GetYourGuideTests" */;
			buildPhases = (
				8C57637C63048D883482A0AE /* [CP] Check Pods Manifest.lock */,
				A705AC3322F0B2F5000F015C /* Sources */,
				A705AC3422F0B2F5000F015C /* Frameworks */,
				A705AC3522F0B2F5000F015C /* Resources */,
			);
			buildRules = (
			);
			dependencies = (
				A705AC3922F0B2F5000F015C /* PBXTargetDependency */,
			);
			name = GetYourGuideTests;
			productName = GetYourGuideTests;
			productReference = A705AC3722F0B2F5000F015C /* GetYourGuideTests.xctest */;
			productType = "com.apple.product-type.bundle.unit-test";
		};
/* End PBXNativeTarget section */

/* Begin PBXProject section */
		A705AC1B22F0B2F3000F015C /* Project object */ = {
			isa = PBXProject;
			attributes = {
				LastSwiftUpdateCheck = 1030;
				LastUpgradeCheck = 1030;
				ORGANIZATIONNAME = "Leonardo Ferreira";
				TargetAttributes = {
					A705AC2222F0B2F3000F015C = {
						CreatedOnToolsVersion = 10.3;
					};
					A705AC3622F0B2F5000F015C = {
						CreatedOnToolsVersion = 10.3;
						TestTargetID = A705AC2222F0B2F3000F015C;
					};
				};
			};
			buildConfigurationList = A705AC1E22F0B2F3000F015C /* Build configuration list for PBXProject "GetYourGuide" */;
			compatibilityVersion = "Xcode 9.3";
			developmentRegion = en;
			hasScannedForEncodings = 0;
			knownRegions = (
				en,
				Base,
			);
			mainGroup = A705AC1A22F0B2F3000F015C;
			productRefGroup = A705AC2422F0B2F3000F015C /* Products */;
			projectDirPath = "";
			projectRoot = "";
			targets = (
				A705AC2222F0B2F3000F015C /* GetYourGuide */,
				A705AC3622F0B2F5000F015C /* GetYourGuideTests */,
			);
		};
/* End PBXProject section */

/* Begin PBXResourcesBuildPhase section */
		A705AC2122F0B2F3000F015C /* Resources */ = {
			isa = PBXResourcesBuildPhase;
			buildActionMask = 2147483647;
			files = (
				A705AC3122F0B2F5000F015C /* LaunchScreen.storyboard in Resources */,
				A705AC2E22F0B2F5000F015C /* Assets.xcassets in Resources */,
				A705AC7F22F0E184000F015C /* GetYourGuideReviewTableViewCell.xib in Resources */,
				A705AC2C22F0B2F3000F015C /* Main.storyboard in Resources */,
			);
			runOnlyForDeploymentPostprocessing = 0;
		};
		A705AC3522F0B2F5000F015C /* Resources */ = {
			isa = PBXResourcesBuildPhase;
			buildActionMask = 2147483647;
			files = (
				A705AC6822F0D19A000F015C /* reviewsPopulated.json in Resources */,
				A705AC6D22F0D330000F015C /* reviewsEmpty.json in Resources */,
			);
			runOnlyForDeploymentPostprocessing = 0;
		};
/* End PBXResourcesBuildPhase section */

/* Begin PBXShellScriptBuildPhase section */
		0F3F0A3111189A047F540C55 /* [CP] Embed Pods Frameworks */ = {
			isa = PBXShellScriptBuildPhase;
			buildActionMask = 2147483647;
			files = (
			);
			inputFileListPaths = (
				"${PODS_ROOT}/Target Support Files/Pods-GetYourGuide/Pods-GetYourGuide-frameworks-${CONFIGURATION}-input-files.xcfilelist",
			);
			name = "[CP] Embed Pods Frameworks";
			outputFileListPaths = (
				"${PODS_ROOT}/Target Support Files/Pods-GetYourGuide/Pods-GetYourGuide-frameworks-${CONFIGURATION}-output-files.xcfilelist",
			);
			runOnlyForDeploymentPostprocessing = 0;
			shellPath = /bin/sh;
			shellScript = "\"${PODS_ROOT}/Target Support Files/Pods-GetYourGuide/Pods-GetYourGuide-frameworks.sh\"\n";
			showEnvVarsInLog = 0;
		};
		8C57637C63048D883482A0AE /* [CP] Check Pods Manifest.lock */ = {
			isa = PBXShellScriptBuildPhase;
			buildActionMask = 2147483647;
			files = (
			);
			inputFileListPaths = (
			);
			inputPaths = (
				"${PODS_PODFILE_DIR_PATH}/Podfile.lock",
				"${PODS_ROOT}/Manifest.lock",
			);
			name = "[CP] Check Pods Manifest.lock";
			outputFileListPaths = (
			);
			outputPaths = (
				"$(DERIVED_FILE_DIR)/Pods-GetYourGuideTests-checkManifestLockResult.txt",
			);
			runOnlyForDeploymentPostprocessing = 0;
			shellPath = /bin/sh;
			shellScript = "diff \"${PODS_PODFILE_DIR_PATH}/Podfile.lock\" \"${PODS_ROOT}/Manifest.lock\" > /dev/null\nif [ $? != 0 ] ; then\n    # print error to STDERR\n    echo \"error: The sandbox is not in sync with the Podfile.lock. Run 'pod install' or update your CocoaPods installation.\" >&2\n    exit 1\nfi\n# This output is used by Xcode 'outputs' to avoid re-running this script phase.\necho \"SUCCESS\" > \"${SCRIPT_OUTPUT_FILE_0}\"\n";
			showEnvVarsInLog = 0;
		};
		9058AA6E00E332891DB0D486 /* [CP] Check Pods Manifest.lock */ = {
			isa = PBXShellScriptBuildPhase;
			buildActionMask = 2147483647;
			files = (
			);
			inputFileListPaths = (
			);
			inputPaths = (
				"${PODS_PODFILE_DIR_PATH}/Podfile.lock",
				"${PODS_ROOT}/Manifest.lock",
			);
			name = "[CP] Check Pods Manifest.lock";
			outputFileListPaths = (
			);
			outputPaths = (
				"$(DERIVED_FILE_DIR)/Pods-GetYourGuide-checkManifestLockResult.txt",
			);
			runOnlyForDeploymentPostprocessing = 0;
			shellPath = /bin/sh;
			shellScript = "diff \"${PODS_PODFILE_DIR_PATH}/Podfile.lock\" \"${PODS_ROOT}/Manifest.lock\" > /dev/null\nif [ $? != 0 ] ; then\n    # print error to STDERR\n    echo \"error: The sandbox is not in sync with the Podfile.lock. Run 'pod install' or update your CocoaPods installation.\" >&2\n    exit 1\nfi\n# This output is used by Xcode 'outputs' to avoid re-running this script phase.\necho \"SUCCESS\" > \"${SCRIPT_OUTPUT_FILE_0}\"\n";
			showEnvVarsInLog = 0;
		};
/* End PBXShellScriptBuildPhase section */

/* Begin PBXSourcesBuildPhase section */
		A705AC1F22F0B2F3000F015C /* Sources */ = {
			isa = PBXSourcesBuildPhase;
			buildActionMask = 2147483647;
			files = (
				A705AC5322F0BB61000F015C /* StringExtensions.swift in Sources */,
				A705AC8622F13CDF000F015C /* ArrayExtensions.swift in Sources */,
				A705AC7722F0DE33000F015C /* GetYourGuideReviewsViewController.swift in Sources */,
				A705AC5522F0BBEB000F015C /* URLRequestExtensions.swift in Sources */,
				A705AC7A22F0DE98000F015C /* GetYourGuideReviewsLogicController.swift in Sources */,
				A705AC4D22F0B862000F015C /* NetworkError.swift in Sources */,
				A705AC2722F0B2F3000F015C /* AppDelegate.swift in Sources */,
				A705AC5D22F0C7CC000F015C /* GetYourGuideReviewsRequest.swift in Sources */,
				A705AC7E22F0E184000F015C /* GetYourGuideReviewTableViewCell.swift in Sources */,
				A705AC8122F12F88000F015C /* UIViewExtensions.swift in Sources */,
				A705AC6022F0CA36000F015C /* GetYourGuideReviewsModel.swift in Sources */,
				A705AC5B22F0C712000F015C /* URLConstants.swift in Sources */,
				A705AC4E22F0B862000F015C /* NetworkRequester.swift in Sources */,
				A705AC5022F0B925000F015C /* RequestProtocol.swift in Sources */,
				A705AC7522F0DB62000F015C /* GetYourGuideReviewsViewModel.swift in Sources */,
			);
			runOnlyForDeploymentPostprocessing = 0;
		};
		A705AC3322F0B2F5000F015C /* Sources */ = {
			isa = PBXSourcesBuildPhase;
			buildActionMask = 2147483647;
			files = (
				A705AC6222F0D08C000F015C /* GetYourGuideReviewsModelTests.swift in Sources */,
				A705AC3C22F0B2F5000F015C /* GetYourGuideURLTests.swift in Sources */,
				A705AC6622F0D172000F015C /* MockJSONLoader.swift in Sources */,
				A705AC8422F13B0F000F015C /* GetYourGuideReviewsLogicControllerTests.swift in Sources */,
			);
			runOnlyForDeploymentPostprocessing = 0;
		};
/* End PBXSourcesBuildPhase section */

/* Begin PBXTargetDependency section */
		A705AC3922F0B2F5000F015C /* PBXTargetDependency */ = {
			isa = PBXTargetDependency;
			target = A705AC2222F0B2F3000F015C /* GetYourGuide */;
			targetProxy = A705AC3822F0B2F5000F015C /* PBXContainerItemProxy */;
		};
/* End PBXTargetDependency section */

/* Begin PBXVariantGroup section */
		A705AC2A22F0B2F3000F015C /* Main.storyboard */ = {
			isa = PBXVariantGroup;
			children = (
				A705AC2B22F0B2F3000F015C /* Base */,
			);
			name = Main.storyboard;
			sourceTree = "<group>";
		};
		A705AC2F22F0B2F5000F015C /* LaunchScreen.storyboard */ = {
			isa = PBXVariantGroup;
			children = (
				A705AC3022F0B2F5000F015C /* Base */,
			);
			name = LaunchScreen.storyboard;
			sourceTree = "<group>";
		};
/* End PBXVariantGroup section */

/* Begin XCBuildConfiguration section */
		A705AC3E22F0B2F5000F015C /* Debug */ = {
			isa = XCBuildConfiguration;
			buildSettings = {
				ALWAYS_SEARCH_USER_PATHS = NO;
				CLANG_ANALYZER_NONNULL = YES;
				CLANG_ANALYZER_NUMBER_OBJECT_CONVERSION = YES_AGGRESSIVE;
				CLANG_CXX_LANGUAGE_STANDARD = "gnu++14";
				CLANG_CXX_LIBRARY = "libc++";
				CLANG_ENABLE_MODULES = YES;
				CLANG_ENABLE_OBJC_ARC = YES;
				CLANG_ENABLE_OBJC_WEAK = YES;
				CLANG_WARN_BLOCK_CAPTURE_AUTORELEASING = YES;
				CLANG_WARN_BOOL_CONVERSION = YES;
				CLANG_WARN_COMMA = YES;
				CLANG_WARN_CONSTANT_CONVERSION = YES;
				CLANG_WARN_DEPRECATED_OBJC_IMPLEMENTATIONS = YES;
				CLANG_WARN_DIRECT_OBJC_ISA_USAGE = YES_ERROR;
				CLANG_WARN_DOCUMENTATION_COMMENTS = YES;
				CLANG_WARN_EMPTY_BODY = YES;
				CLANG_WARN_ENUM_CONVERSION = YES;
				CLANG_WARN_INFINITE_RECURSION = YES;
				CLANG_WARN_INT_CONVERSION = YES;
				CLANG_WARN_NON_LITERAL_NULL_CONVERSION = YES;
				CLANG_WARN_OBJC_IMPLICIT_RETAIN_SELF = YES;
				CLANG_WARN_OBJC_LITERAL_CONVERSION = YES;
				CLANG_WARN_OBJC_ROOT_CLASS = YES_ERROR;
				CLANG_WARN_RANGE_LOOP_ANALYSIS = YES;
				CLANG_WARN_STRICT_PROTOTYPES = YES;
				CLANG_WARN_SUSPICIOUS_MOVE = YES;
				CLANG_WARN_UNGUARDED_AVAILABILITY = YES_AGGRESSIVE;
				CLANG_WARN_UNREACHABLE_CODE = YES;
				CLANG_WARN__DUPLICATE_METHOD_MATCH = YES;
				CODE_SIGN_IDENTITY = "iPhone Developer";
				COPY_PHASE_STRIP = NO;
				DEBUG_INFORMATION_FORMAT = dwarf;
				ENABLE_STRICT_OBJC_MSGSEND = YES;
				ENABLE_TESTABILITY = YES;
				GCC_C_LANGUAGE_STANDARD = gnu11;
				GCC_DYNAMIC_NO_PIC = NO;
				GCC_NO_COMMON_BLOCKS = YES;
				GCC_OPTIMIZATION_LEVEL = 0;
				GCC_PREPROCESSOR_DEFINITIONS = (
					"DEBUG=1",
					"$(inherited)",
				);
				GCC_WARN_64_TO_32_BIT_CONVERSION = YES;
				GCC_WARN_ABOUT_RETURN_TYPE = YES_ERROR;
				GCC_WARN_UNDECLARED_SELECTOR = YES;
				GCC_WARN_UNINITIALIZED_AUTOS = YES_AGGRESSIVE;
				GCC_WARN_UNUSED_FUNCTION = YES;
				GCC_WARN_UNUSED_VARIABLE = YES;
				IPHONEOS_DEPLOYMENT_TARGET = 12.4;
				MTL_ENABLE_DEBUG_INFO = INCLUDE_SOURCE;
				MTL_FAST_MATH = YES;
				ONLY_ACTIVE_ARCH = YES;
				SDKROOT = iphoneos;
				SWIFT_ACTIVE_COMPILATION_CONDITIONS = DEBUG;
				SWIFT_OPTIMIZATION_LEVEL = "-Onone";
			};
			name = Debug;
		};
		A705AC3F22F0B2F5000F015C /* Release */ = {
			isa = XCBuildConfiguration;
			buildSettings = {
				ALWAYS_SEARCH_USER_PATHS = NO;
				CLANG_ANALYZER_NONNULL = YES;
				CLANG_ANALYZER_NUMBER_OBJECT_CONVERSION = YES_AGGRESSIVE;
				CLANG_CXX_LANGUAGE_STANDARD = "gnu++14";
				CLANG_CXX_LIBRARY = "libc++";
				CLANG_ENABLE_MODULES = YES;
				CLANG_ENABLE_OBJC_ARC = YES;
				CLANG_ENABLE_OBJC_WEAK = YES;
				CLANG_WARN_BLOCK_CAPTURE_AUTORELEASING = YES;
				CLANG_WARN_BOOL_CONVERSION = YES;
				CLANG_WARN_COMMA = YES;
				CLANG_WARN_CONSTANT_CONVERSION = YES;
				CLANG_WARN_DEPRECATED_OBJC_IMPLEMENTATIONS = YES;
				CLANG_WARN_DIRECT_OBJC_ISA_USAGE = YES_ERROR;
				CLANG_WARN_DOCUMENTATION_COMMENTS = YES;
				CLANG_WARN_EMPTY_BODY = YES;
				CLANG_WARN_ENUM_CONVERSION = YES;
				CLANG_WARN_INFINITE_RECURSION = YES;
				CLANG_WARN_INT_CONVERSION = YES;
				CLANG_WARN_NON_LITERAL_NULL_CONVERSION = YES;
				CLANG_WARN_OBJC_IMPLICIT_RETAIN_SELF = YES;
				CLANG_WARN_OBJC_LITERAL_CONVERSION = YES;
				CLANG_WARN_OBJC_ROOT_CLASS = YES_ERROR;
				CLANG_WARN_RANGE_LOOP_ANALYSIS = YES;
				CLANG_WARN_STRICT_PROTOTYPES = YES;
				CLANG_WARN_SUSPICIOUS_MOVE = YES;
				CLANG_WARN_UNGUARDED_AVAILABILITY = YES_AGGRESSIVE;
				CLANG_WARN_UNREACHABLE_CODE = YES;
				CLANG_WARN__DUPLICATE_METHOD_MATCH = YES;
				CODE_SIGN_IDENTITY = "iPhone Developer";
				COPY_PHASE_STRIP = NO;
				DEBUG_INFORMATION_FORMAT = "dwarf-with-dsym";
				ENABLE_NS_ASSERTIONS = NO;
				ENABLE_STRICT_OBJC_MSGSEND = YES;
				GCC_C_LANGUAGE_STANDARD = gnu11;
				GCC_NO_COMMON_BLOCKS = YES;
				GCC_WARN_64_TO_32_BIT_CONVERSION = YES;
				GCC_WARN_ABOUT_RETURN_TYPE = YES_ERROR;
				GCC_WARN_UNDECLARED_SELECTOR = YES;
				GCC_WARN_UNINITIALIZED_AUTOS = YES_AGGRESSIVE;
				GCC_WARN_UNUSED_FUNCTION = YES;
				GCC_WARN_UNUSED_VARIABLE = YES;
				IPHONEOS_DEPLOYMENT_TARGET = 12.4;
				MTL_ENABLE_DEBUG_INFO = NO;
				MTL_FAST_MATH = YES;
				SDKROOT = iphoneos;
				SWIFT_COMPILATION_MODE = wholemodule;
				SWIFT_OPTIMIZATION_LEVEL = "-O";
				VALIDATE_PRODUCT = YES;
			};
			name = Release;
		};
		A705AC4122F0B2F5000F015C /* Debug */ = {
			isa = XCBuildConfiguration;
			baseConfigurationReference = 43BFFD1B4DFEC8C553F57242 /* Pods-GetYourGuide.debug.xcconfig */;
			buildSettings = {
				ASSETCATALOG_COMPILER_APPICON_NAME = AppIcon;
				CODE_SIGN_STYLE = Automatic;
				INFOPLIST_FILE = GetYourGuide/Info.plist;
				LD_RUNPATH_SEARCH_PATHS = (
					"$(inherited)",
					"@executable_path/Frameworks",
				);
				PRODUCT_BUNDLE_IDENTIFIER = com.leonardo.GetYourGuide;
				PRODUCT_NAME = "$(TARGET_NAME)";
				SWIFT_VERSION = 5.0;
				TARGETED_DEVICE_FAMILY = "1,2";
			};
			name = Debug;
		};
		A705AC4222F0B2F5000F015C /* Release */ = {
			isa = XCBuildConfiguration;
			baseConfigurationReference = A2252C98350D9BE6CBA395E0 /* Pods-GetYourGuide.release.xcconfig */;
			buildSettings = {
				ASSETCATALOG_COMPILER_APPICON_NAME = AppIcon;
				CODE_SIGN_STYLE = Automatic;
				INFOPLIST_FILE = GetYourGuide/Info.plist;
				LD_RUNPATH_SEARCH_PATHS = (
					"$(inherited)",
					"@executable_path/Frameworks",
				);
				PRODUCT_BUNDLE_IDENTIFIER = com.leonardo.GetYourGuide;
				PRODUCT_NAME = "$(TARGET_NAME)";
				SWIFT_VERSION = 5.0;
				TARGETED_DEVICE_FAMILY = "1,2";
			};
			name = Release;
		};
		A705AC4422F0B2F5000F015C /* Debug */ = {
			isa = XCBuildConfiguration;
			baseConfigurationReference = 43B718EEA78D598964307BB6 /* Pods-GetYourGuideTests.debug.xcconfig */;
			buildSettings = {
				ALWAYS_EMBED_SWIFT_STANDARD_LIBRARIES = YES;
				BUNDLE_LOADER = "$(TEST_HOST)";
				CODE_SIGN_STYLE = Automatic;
				INFOPLIST_FILE = GetYourGuideTests/Info.plist;
				LD_RUNPATH_SEARCH_PATHS = (
					"$(inherited)",
					"@executable_path/Frameworks",
					"@loader_path/Frameworks",
				);
				PRODUCT_BUNDLE_IDENTIFIER = com.leonardo.GetYourGuideTests;
				PRODUCT_NAME = "$(TARGET_NAME)";
				SWIFT_VERSION = 5.0;
				TARGETED_DEVICE_FAMILY = "1,2";
				TEST_HOST = "$(BUILT_PRODUCTS_DIR)/GetYourGuide.app/GetYourGuide";
			};
			name = Debug;
		};
		A705AC4522F0B2F5000F015C /* Release */ = {
			isa = XCBuildConfiguration;
			baseConfigurationReference = BAFBDCE84B7D1C69A5D023EC /* Pods-GetYourGuideTests.release.xcconfig */;
			buildSettings = {
				ALWAYS_EMBED_SWIFT_STANDARD_LIBRARIES = YES;
				BUNDLE_LOADER = "$(TEST_HOST)";
				CODE_SIGN_STYLE = Automatic;
				INFOPLIST_FILE = GetYourGuideTests/Info.plist;
				LD_RUNPATH_SEARCH_PATHS = (
					"$(inherited)",
					"@executable_path/Frameworks",
					"@loader_path/Frameworks",
				);
				PRODUCT_BUNDLE_IDENTIFIER = com.leonardo.GetYourGuideTests;
				PRODUCT_NAME = "$(TARGET_NAME)";
				SWIFT_VERSION = 5.0;
				TARGETED_DEVICE_FAMILY = "1,2";
				TEST_HOST = "$(BUILT_PRODUCTS_DIR)/GetYourGuide.app/GetYourGuide";
			};
			name = Release;
		};
/* End XCBuildConfiguration section */

/* Begin XCConfigurationList section */
		A705AC1E22F0B2F3000F015C /* Build configuration list for PBXProject "GetYourGuide" */ = {
			isa = XCConfigurationList;
			buildConfigurations = (
				A705AC3E22F0B2F5000F015C /* Debug */,
				A705AC3F22F0B2F5000F015C /* Release */,
			);
			defaultConfigurationIsVisible = 0;
			defaultConfigurationName = Release;
		};
		A705AC4022F0B2F5000F015C /* Build configuration list for PBXNativeTarget "GetYourGuide" */ = {
			isa = XCConfigurationList;
			buildConfigurations = (
				A705AC4122F0B2F5000F015C /* Debug */,
				A705AC4222F0B2F5000F015C /* Release */,
			);
			defaultConfigurationIsVisible = 0;
			defaultConfigurationName = Release;
		};
		A705AC4322F0B2F5000F015C /* Build configuration list for PBXNativeTarget "GetYourGuideTests" */ = {
			isa = XCConfigurationList;
			buildConfigurations = (
				A705AC4422F0B2F5000F015C /* Debug */,
				A705AC4522F0B2F5000F015C /* Release */,
			);
			defaultConfigurationIsVisible = 0;
			defaultConfigurationName = Release;
		};
/* End XCConfigurationList section */
	};
	rootObject = A705AC1B22F0B2F3000F015C /* Project object */;
}
